// !$*UTF8*$!
{
	archiveVersion = 1;
	classes = {
	};
	objectVersion = 56;
	objects = {

/* Begin PBXBuildFile section */
		4F75C3C229D5DE60008A69A4 /* UbicacionesViewModel.swift in Sources */ = {isa = PBXBuildFile; fileRef = 4F75C3C129D5DE60008A69A4 /* UbicacionesViewModel.swift */; };
		4F75C3C529D5E01C008A69A4 /* Ubicacion.swift in Sources */ = {isa = PBXBuildFile; fileRef = 4F75C3C429D5E01C008A69A4 /* Ubicacion.swift */; };
		4F75C3CA29D5E589008A69A4 /* UbicacionesView.swift in Sources */ = {isa = PBXBuildFile; fileRef = 4F75C3C929D5E589008A69A4 /* UbicacionesView.swift */; };
		4F75C3CC29D5EC10008A69A4 /* EstructurasEpisodios.swift in Sources */ = {isa = PBXBuildFile; fileRef = 4F75C3CB29D5EC10008A69A4 /* EstructurasEpisodios.swift */; };
		4F75C3CE29D5ED38008A69A4 /* EpisodiosService.swift in Sources */ = {isa = PBXBuildFile; fileRef = 4F75C3CD29D5ED38008A69A4 /* EpisodiosService.swift */; };
		4F75C3D229D5EDD0008A69A4 /* Episodio.swift in Sources */ = {isa = PBXBuildFile; fileRef = 4F75C3D129D5EDD0008A69A4 /* Episodio.swift */; };
		4F75C3D429D5EEA0008A69A4 /* EpisodiosViewModel.swift in Sources */ = {isa = PBXBuildFile; fileRef = 4F75C3D329D5EEA0008A69A4 /* EpisodiosViewModel.swift */; };
		4F75C3D729D5FCDE008A69A4 /* EpisodiosView.swift in Sources */ = {isa = PBXBuildFile; fileRef = 4F75C3D629D5FCDE008A69A4 /* EpisodiosView.swift */; };
		4FC6974029D3219B0024BA6A /* PersonajeViewDetail.swift in Sources */ = {isa = PBXBuildFile; fileRef = 4FC6973F29D3219B0024BA6A /* PersonajeViewDetail.swift */; };
		4FC7850B29D1E2BF00BF199D /* PersonajesView.swift in Sources */ = {isa = PBXBuildFile; fileRef = 4FC7850A29D1E2BF00BF199D /* PersonajesView.swift */; };
		4FC7850D29D1E6F000BF199D /* CardPersonajeView.swift in Sources */ = {isa = PBXBuildFile; fileRef = 4FC7850C29D1E6F000BF199D /* CardPersonajeView.swift */; };
		4FD4BEB329D7097E0012A1BC /* EpisodioCardView.swift in Sources */ = {isa = PBXBuildFile; fileRef = 4FD4BEB229D7097E0012A1BC /* EpisodioCardView.swift */; };
		4FD4BEB529D71C800012A1BC /* UbicacionesCardView.swift in Sources */ = {isa = PBXBuildFile; fileRef = 4FD4BEB429D71C800012A1BC /* UbicacionesCardView.swift */; };
		4FE535A829CCA7280094F7DA /* Alamofire in Frameworks */ = {isa = PBXBuildFile; productRef = 4FE535A729CCA7280094F7DA /* Alamofire */; };
		4FE535AC29CCA80D0094F7DA /* PersonajeService.swift in Sources */ = {isa = PBXBuildFile; fileRef = 4FE535AB29CCA80D0094F7DA /* PersonajeService.swift */; };
		4FE535B029CCB58C0094F7DA /* Personaje.swift in Sources */ = {isa = PBXBuildFile; fileRef = 4FE535AF29CCB58C0094F7DA /* Personaje.swift */; };
		4FE535B229CCBAF50094F7DA /* EstructurasPersonaje.swift in Sources */ = {isa = PBXBuildFile; fileRef = 4FE535B129CCBAF50094F7DA /* EstructurasPersonaje.swift */; };
		4FEA034829D5D886004366BE /* EstructurasUbicaciones.swift in Sources */ = {isa = PBXBuildFile; fileRef = 4FEA034729D5D886004366BE /* EstructurasUbicaciones.swift */; };
		4FEA034A29D5D8F3004366BE /* UbicacionesService.swift in Sources */ = {isa = PBXBuildFile; fileRef = 4FEA034929D5D8F3004366BE /* UbicacionesService.swift */; };
		4FFD8A1A29CA04F200317745 /* Rick_MortyApp.swift in Sources */ = {isa = PBXBuildFile; fileRef = 4FFD8A1929CA04F200317745 /* Rick_MortyApp.swift */; };
		4FFD8A1C29CA04F200317745 /* ContentView.swift in Sources */ = {isa = PBXBuildFile; fileRef = 4FFD8A1B29CA04F200317745 /* ContentView.swift */; };
		4FFD8A1E29CA04F300317745 /* Assets.xcassets in Resources */ = {isa = PBXBuildFile; fileRef = 4FFD8A1D29CA04F300317745 /* Assets.xcassets */; };
		4FFD8A2129CA04F300317745 /* Preview Assets.xcassets in Resources */ = {isa = PBXBuildFile; fileRef = 4FFD8A2029CA04F300317745 /* Preview Assets.xcassets */; };
		4FFD8A3529CA180600317745 /* PersonajeViewModel.swift in Sources */ = {isa = PBXBuildFile; fileRef = 4FFD8A3429CA180600317745 /* PersonajeViewModel.swift */; };
/* End PBXBuildFile section */

/* Begin PBXFileReference section */
		4F75C3C129D5DE60008A69A4 /* UbicacionesViewModel.swift */ = {isa = PBXFileReference; lastKnownFileType = sourcecode.swift; path = UbicacionesViewModel.swift; sourceTree = "<group>"; };
		4F75C3C429D5E01C008A69A4 /* Ubicacion.swift */ = {isa = PBXFileReference; lastKnownFileType = sourcecode.swift; path = Ubicacion.swift; sourceTree = "<group>"; };
		4F75C3C929D5E589008A69A4 /* UbicacionesView.swift */ = {isa = PBXFileReference; lastKnownFileType = sourcecode.swift; path = UbicacionesView.swift; sourceTree = "<group>"; };
		4F75C3CB29D5EC10008A69A4 /* EstructurasEpisodios.swift */ = {isa = PBXFileReference; lastKnownFileType = sourcecode.swift; path = EstructurasEpisodios.swift; sourceTree = "<group>"; };
		4F75C3CD29D5ED38008A69A4 /* EpisodiosService.swift */ = {isa = PBXFileReference; lastKnownFileType = sourcecode.swift; path = EpisodiosService.swift; sourceTree = "<group>"; };
		4F75C3D129D5EDD0008A69A4 /* Episodio.swift */ = {isa = PBXFileReference; lastKnownFileType = sourcecode.swift; path = Episodio.swift; sourceTree = "<group>"; };
		4F75C3D329D5EEA0008A69A4 /* EpisodiosViewModel.swift */ = {isa = PBXFileReference; lastKnownFileType = sourcecode.swift; path = EpisodiosViewModel.swift; sourceTree = "<group>"; };
		4F75C3D629D5FCDE008A69A4 /* EpisodiosView.swift */ = {isa = PBXFileReference; lastKnownFileType = sourcecode.swift; path = EpisodiosView.swift; sourceTree = "<group>"; };
		4FC6973F29D3219B0024BA6A /* PersonajeViewDetail.swift */ = {isa = PBXFileReference; lastKnownFileType = sourcecode.swift; path = PersonajeViewDetail.swift; sourceTree = "<group>"; };
		4FC7850A29D1E2BF00BF199D /* PersonajesView.swift */ = {isa = PBXFileReference; lastKnownFileType = sourcecode.swift; path = PersonajesView.swift; sourceTree = "<group>"; };
		4FC7850C29D1E6F000BF199D /* CardPersonajeView.swift */ = {isa = PBXFileReference; lastKnownFileType = sourcecode.swift; path = CardPersonajeView.swift; sourceTree = "<group>"; };
		4FD4BEB229D7097E0012A1BC /* EpisodioCardView.swift */ = {isa = PBXFileReference; lastKnownFileType = sourcecode.swift; path = EpisodioCardView.swift; sourceTree = "<group>"; };
		4FD4BEB429D71C800012A1BC /* UbicacionesCardView.swift */ = {isa = PBXFileReference; lastKnownFileType = sourcecode.swift; path = UbicacionesCardView.swift; sourceTree = "<group>"; };
		4FE535AB29CCA80D0094F7DA /* PersonajeService.swift */ = {isa = PBXFileReference; lastKnownFileType = sourcecode.swift; path = PersonajeService.swift; sourceTree = "<group>"; };
		4FE535AF29CCB58C0094F7DA /* Personaje.swift */ = {isa = PBXFileReference; lastKnownFileType = sourcecode.swift; path = Personaje.swift; sourceTree = "<group>"; };
		4FE535B129CCBAF50094F7DA /* EstructurasPersonaje.swift */ = {isa = PBXFileReference; lastKnownFileType = sourcecode.swift; path = EstructurasPersonaje.swift; sourceTree = "<group>"; };
		4FEA034729D5D886004366BE /* EstructurasUbicaciones.swift */ = {isa = PBXFileReference; lastKnownFileType = sourcecode.swift; path = EstructurasUbicaciones.swift; sourceTree = "<group>"; };
		4FEA034929D5D8F3004366BE /* UbicacionesService.swift */ = {isa = PBXFileReference; lastKnownFileType = sourcecode.swift; path = UbicacionesService.swift; sourceTree = "<group>"; };
		4FFD8A1629CA04F200317745 /* Rick&Morty.app */ = {isa = PBXFileReference; explicitFileType = wrapper.application; includeInIndex = 0; path = "Rick&Morty.app"; sourceTree = BUILT_PRODUCTS_DIR; };
		4FFD8A1929CA04F200317745 /* Rick_MortyApp.swift */ = {isa = PBXFileReference; lastKnownFileType = sourcecode.swift; path = Rick_MortyApp.swift; sourceTree = "<group>"; };
		4FFD8A1B29CA04F200317745 /* ContentView.swift */ = {isa = PBXFileReference; lastKnownFileType = sourcecode.swift; path = ContentView.swift; sourceTree = "<group>"; };
		4FFD8A1D29CA04F300317745 /* Assets.xcassets */ = {isa = PBXFileReference; lastKnownFileType = folder.assetcatalog; path = Assets.xcassets; sourceTree = "<group>"; };
		4FFD8A2029CA04F300317745 /* Preview Assets.xcassets */ = {isa = PBXFileReference; lastKnownFileType = folder.assetcatalog; path = "Preview Assets.xcassets"; sourceTree = "<group>"; };
		4FFD8A3429CA180600317745 /* PersonajeViewModel.swift */ = {isa = PBXFileReference; lastKnownFileType = sourcecode.swift; path = PersonajeViewModel.swift; sourceTree = "<group>"; };
/* End PBXFileReference section */

/* Begin PBXFrameworksBuildPhase section */
		4FFD8A1329CA04F200317745 /* Frameworks */ = {
			isa = PBXFrameworksBuildPhase;
			buildActionMask = 2147483647;
			files = (
				4FE535A829CCA7280094F7DA /* Alamofire in Frameworks */,
			);
			runOnlyForDeploymentPostprocessing = 0;
		};
/* End PBXFrameworksBuildPhase section */

/* Begin PBXGroup section */
		4F75C3C029D5DE43008A69A4 /* ViewModel */ = {
			isa = PBXGroup;
			children = (
				4F75C3C129D5DE60008A69A4 /* UbicacionesViewModel.swift */,
			);
			path = ViewModel;
			sourceTree = "<group>";
		};
		4F75C3C329D5E008008A69A4 /* Model */ = {
			isa = PBXGroup;
			children = (
				4F75C3C429D5E01C008A69A4 /* Ubicacion.swift */,
			);
			path = Model;
			sourceTree = "<group>";
		};
		4F75C3C629D5E548008A69A4 /* View */ = {
			isa = PBXGroup;
			children = (
				4F75C3C929D5E589008A69A4 /* UbicacionesView.swift */,
				4FD4BEB429D71C800012A1BC /* UbicacionesCardView.swift */,
			);
			path = View;
			sourceTree = "<group>";
		};
		4F75C3CF29D5EDB8008A69A4 /* ViewModel */ = {
			isa = PBXGroup;
			children = (
				4F75C3D329D5EEA0008A69A4 /* EpisodiosViewModel.swift */,
			);
			path = ViewModel;
			sourceTree = "<group>";
		};
		4F75C3D029D5EDC0008A69A4 /* Model */ = {
			isa = PBXGroup;
			children = (
				4F75C3D129D5EDD0008A69A4 /* Episodio.swift */,
			);
			path = Model;
			sourceTree = "<group>";
		};
		4F75C3D529D5FCC8008A69A4 /* View */ = {
			isa = PBXGroup;
			children = (
				4F75C3D629D5FCDE008A69A4 /* EpisodiosView.swift */,
				4FD4BEB229D7097E0012A1BC /* EpisodioCardView.swift */,
			);
			path = View;
			sourceTree = "<group>";
		};
		4FEA034129D5CE92004366BE /* PersonajesService */ = {
			isa = PBXGroup;
			children = (
				4FE535B129CCBAF50094F7DA /* EstructurasPersonaje.swift */,
				4FE535AB29CCA80D0094F7DA /* PersonajeService.swift */,
			);
			path = PersonajesService;
			sourceTree = "<group>";
		};
		4FEA034229D5CEAB004366BE /* UbicacionesService */ = {
			isa = PBXGroup;
			children = (
				4FEA034729D5D886004366BE /* EstructurasUbicaciones.swift */,
				4FEA034929D5D8F3004366BE /* UbicacionesService.swift */,
			);
			path = UbicacionesService;
			sourceTree = "<group>";
		};
		4FEA034329D5CEB6004366BE /* EpisodiosService */ = {
			isa = PBXGroup;
			children = (
				4F75C3CB29D5EC10008A69A4 /* EstructurasEpisodios.swift */,
				4F75C3CD29D5ED38008A69A4 /* EpisodiosService.swift */,
			);
			path = EpisodiosService;
			sourceTree = "<group>";
		};
		4FEA034429D5CEC9004366BE /* View */ = {
			isa = PBXGroup;
			children = (
				4FC6973F29D3219B0024BA6A /* PersonajeViewDetail.swift */,
				4FC7850C29D1E6F000BF199D /* CardPersonajeView.swift */,
				4FC7850A29D1E2BF00BF199D /* PersonajesView.swift */,
			);
			path = View;
			sourceTree = "<group>";
		};
		4FEA034529D5CECE004366BE /* Model */ = {
			isa = PBXGroup;
			children = (
				4FE535AF29CCB58C0094F7DA /* Personaje.swift */,
			);
			path = Model;
			sourceTree = "<group>";
		};
		4FEA034629D5CED4004366BE /* ViewModel */ = {
			isa = PBXGroup;
			children = (
				4FFD8A3429CA180600317745 /* PersonajeViewModel.swift */,
			);
			path = ViewModel;
			sourceTree = "<group>";
		};
		4FFD8A0D29CA04F200317745 = {
			isa = PBXGroup;
			children = (
				4FFD8A1829CA04F200317745 /* Rick&Morty */,
				4FFD8A1729CA04F200317745 /* Products */,
			);
			sourceTree = "<group>";
		};
		4FFD8A1729CA04F200317745 /* Products */ = {
			isa = PBXGroup;
			children = (
				4FFD8A1629CA04F200317745 /* Rick&Morty.app */,
			);
			name = Products;
			sourceTree = "<group>";
		};
		4FFD8A1829CA04F200317745 /* Rick&Morty */ = {
			isa = PBXGroup;
			children = (
				4FFD8A2D29CA068F00317745 /* Services */,
				4FFD8A2729CA062700317745 /* Scenes */,
				4FFD8A1929CA04F200317745 /* Rick_MortyApp.swift */,
				4FFD8A1B29CA04F200317745 /* ContentView.swift */,
				4FFD8A1D29CA04F300317745 /* Assets.xcassets */,
				4FFD8A1F29CA04F300317745 /* Preview Content */,
			);
			path = "Rick&Morty";
			sourceTree = "<group>";
		};
		4FFD8A1F29CA04F300317745 /* Preview Content */ = {
			isa = PBXGroup;
			children = (
				4FFD8A2029CA04F300317745 /* Preview Assets.xcassets */,
			);
			path = "Preview Content";
			sourceTree = "<group>";
		};
		4FFD8A2729CA062700317745 /* Scenes */ = {
			isa = PBXGroup;
			children = (
				4FFD8A2B29CA066A00317745 /* Episodios */,
				4FFD8A2A29CA065B00317745 /* Ubicaciones */,
				4FFD8A2829CA064400317745 /* Personajes */,
			);
			path = Scenes;
			sourceTree = "<group>";
		};
		4FFD8A2829CA064400317745 /* Personajes */ = {
			isa = PBXGroup;
			children = (
				4FEA034629D5CED4004366BE /* ViewModel */,
				4FEA034529D5CECE004366BE /* Model */,
				4FEA034429D5CEC9004366BE /* View */,
			);
			path = Personajes;
			sourceTree = "<group>";
		};
		4FFD8A2A29CA065B00317745 /* Ubicaciones */ = {
			isa = PBXGroup;
			children = (
				4F75C3C629D5E548008A69A4 /* View */,
				4F75C3C329D5E008008A69A4 /* Model */,
				4F75C3C029D5DE43008A69A4 /* ViewModel */,
			);
			path = Ubicaciones;
			sourceTree = "<group>";
		};
		4FFD8A2B29CA066A00317745 /* Episodios */ = {
			isa = PBXGroup;
			children = (
				4F75C3D529D5FCC8008A69A4 /* View */,
				4F75C3D029D5EDC0008A69A4 /* Model */,
				4F75C3CF29D5EDB8008A69A4 /* ViewModel */,
			);
			path = Episodios;
			sourceTree = "<group>";
		};
		4FFD8A2D29CA068F00317745 /* Services */ = {
			isa = PBXGroup;
			children = (
				4FEA034329D5CEB6004366BE /* EpisodiosService */,
				4FEA034229D5CEAB004366BE /* UbicacionesService */,
				4FEA034129D5CE92004366BE /* PersonajesService */,
			);
			path = Services;
			sourceTree = "<group>";
		};
/* End PBXGroup section */

/* Begin PBXNativeTarget section */
		4FFD8A1529CA04F200317745 /* Rick&Morty */ = {
			isa = PBXNativeTarget;
			buildConfigurationList = 4FFD8A2429CA04F300317745 /* Build configuration list for PBXNativeTarget "Rick&Morty" */;
			buildPhases = (
				4FFD8A1229CA04F200317745 /* Sources */,
				4FFD8A1329CA04F200317745 /* Frameworks */,
				4FFD8A1429CA04F200317745 /* Resources */,
			);
			buildRules = (
			);
			dependencies = (
			);
			name = "Rick&Morty";
			packageProductDependencies = (
				4FE535A729CCA7280094F7DA /* Alamofire */,
			);
			productName = "Rick&Morty";
			productReference = 4FFD8A1629CA04F200317745 /* Rick&Morty.app */;
			productType = "com.apple.product-type.application";
		};
/* End PBXNativeTarget section */

/* Begin PBXProject section */
		4FFD8A0E29CA04F200317745 /* Project object */ = {
			isa = PBXProject;
			attributes = {
				BuildIndependentTargetsInParallel = 1;
				LastSwiftUpdateCheck = 1420;
				LastUpgradeCheck = 1420;
				TargetAttributes = {
					4FFD8A1529CA04F200317745 = {
						CreatedOnToolsVersion = 14.2;
					};
				};
			};
			buildConfigurationList = 4FFD8A1129CA04F200317745 /* Build configuration list for PBXProject "Rick&Morty" */;
			compatibilityVersion = "Xcode 14.0";
			developmentRegion = en;
			hasScannedForEncodings = 0;
			knownRegions = (
				en,
				Base,
			);
			mainGroup = 4FFD8A0D29CA04F200317745;
			packageReferences = (
				4FE535A629CCA7280094F7DA /* XCRemoteSwiftPackageReference "Alamofire" */,
			);
			productRefGroup = 4FFD8A1729CA04F200317745 /* Products */;
			projectDirPath = "";
			projectRoot = "";
			targets = (
				4FFD8A1529CA04F200317745 /* Rick&Morty */,
			);
		};
/* End PBXProject section */

/* Begin PBXResourcesBuildPhase section */
		4FFD8A1429CA04F200317745 /* Resources */ = {
			isa = PBXResourcesBuildPhase;
			buildActionMask = 2147483647;
			files = (
				4FFD8A2129CA04F300317745 /* Preview Assets.xcassets in Resources */,
				4FFD8A1E29CA04F300317745 /* Assets.xcassets in Resources */,
			);
			runOnlyForDeploymentPostprocessing = 0;
		};
/* End PBXResourcesBuildPhase section */

/* Begin PBXSourcesBuildPhase section */
		4FFD8A1229CA04F200317745 /* Sources */ = {
			isa = PBXSourcesBuildPhase;
			buildActionMask = 2147483647;
			files = (
				4FFD8A1C29CA04F200317745 /* ContentView.swift in Sources */,
				4F75C3CE29D5ED38008A69A4 /* EpisodiosService.swift in Sources */,
				4FD4BEB329D7097E0012A1BC /* EpisodioCardView.swift in Sources */,
				4FFD8A3529CA180600317745 /* PersonajeViewModel.swift in Sources */,
				4FC6974029D3219B0024BA6A /* PersonajeViewDetail.swift in Sources */,
				4F75C3D729D5FCDE008A69A4 /* EpisodiosView.swift in Sources */,
				4F75C3D429D5EEA0008A69A4 /* EpisodiosViewModel.swift in Sources */,
				4FE535B229CCBAF50094F7DA /* EstructurasPersonaje.swift in Sources */,
				4FE535B029CCB58C0094F7DA /* Personaje.swift in Sources */,
				4FD4BEB529D71C800012A1BC /* UbicacionesCardView.swift in Sources */,
				4FE535AC29CCA80D0094F7DA /* PersonajeService.swift in Sources */,
				4FFD8A1A29CA04F200317745 /* Rick_MortyApp.swift in Sources */,
				4FEA034829D5D886004366BE /* EstructurasUbicaciones.swift in Sources */,
				4FC7850D29D1E6F000BF199D /* CardPersonajeView.swift in Sources */,
				4F75C3D229D5EDD0008A69A4 /* Episodio.swift in Sources */,
				4FEA034A29D5D8F3004366BE /* UbicacionesService.swift in Sources */,
				4F75C3CA29D5E589008A69A4 /* UbicacionesView.swift in Sources */,
				4F75C3C529D5E01C008A69A4 /* Ubicacion.swift in Sources */,
				4F75C3CC29D5EC10008A69A4 /* EstructurasEpisodios.swift in Sources */,
				4F75C3C229D5DE60008A69A4 /* UbicacionesViewModel.swift in Sources */,
				4FC7850B29D1E2BF00BF199D /* PersonajesView.swift in Sources */,
			);
			runOnlyForDeploymentPostprocessing = 0;
		};
/* End PBXSourcesBuildPhase section */

/* Begin XCBuildConfiguration section */
		4FFD8A2229CA04F300317745 /* Debug */ = {
			isa = XCBuildConfiguration;
			buildSettings = {
				ALWAYS_SEARCH_USER_PATHS = NO;
				CLANG_ANALYZER_NONNULL = YES;
				CLANG_ANALYZER_NUMBER_OBJECT_CONVERSION = YES_AGGRESSIVE;
				CLANG_CXX_LANGUAGE_STANDARD = "gnu++20";
				CLANG_ENABLE_MODULES = YES;
				CLANG_ENABLE_OBJC_ARC = YES;
				CLANG_ENABLE_OBJC_WEAK = YES;
				CLANG_WARN_BLOCK_CAPTURE_AUTORELEASING = YES;
				CLANG_WARN_BOOL_CONVERSION = YES;
				CLANG_WARN_COMMA = YES;
				CLANG_WARN_CONSTANT_CONVERSION = YES;
				CLANG_WARN_DEPRECATED_OBJC_IMPLEMENTATIONS = YES;
				CLANG_WARN_DIRECT_OBJC_ISA_USAGE = YES_ERROR;
				CLANG_WARN_DOCUMENTATION_COMMENTS = YES;
				CLANG_WARN_EMPTY_BODY = YES;
				CLANG_WARN_ENUM_CONVERSION = YES;
				CLANG_WARN_INFINITE_RECURSION = YES;
				CLANG_WARN_INT_CONVERSION = YES;
				CLANG_WARN_NON_LITERAL_NULL_CONVERSION = YES;
				CLANG_WARN_OBJC_IMPLICIT_RETAIN_SELF = YES;
				CLANG_WARN_OBJC_LITERAL_CONVERSION = YES;
				CLANG_WARN_OBJC_ROOT_CLASS = YES_ERROR;
				CLANG_WARN_QUOTED_INCLUDE_IN_FRAMEWORK_HEADER = YES;
				CLANG_WARN_RANGE_LOOP_ANALYSIS = YES;
				CLANG_WARN_STRICT_PROTOTYPES = YES;
				CLANG_WARN_SUSPICIOUS_MOVE = YES;
				CLANG_WARN_UNGUARDED_AVAILABILITY = YES_AGGRESSIVE;
				CLANG_WARN_UNREACHABLE_CODE = YES;
				CLANG_WARN__DUPLICATE_METHOD_MATCH = YES;
				COPY_PHASE_STRIP = NO;
				DEBUG_INFORMATION_FORMAT = dwarf;
				ENABLE_STRICT_OBJC_MSGSEND = YES;
				ENABLE_TESTABILITY = YES;
				GCC_C_LANGUAGE_STANDARD = gnu11;
				GCC_DYNAMIC_NO_PIC = NO;
				GCC_NO_COMMON_BLOCKS = YES;
				GCC_OPTIMIZATION_LEVEL = 0;
				GCC_PREPROCESSOR_DEFINITIONS = (
					"DEBUG=1",
					"$(inherited)",
				);
				GCC_WARN_64_TO_32_BIT_CONVERSION = YES;
				GCC_WARN_ABOUT_RETURN_TYPE = YES_ERROR;
				GCC_WARN_UNDECLARED_SELECTOR = YES;
				GCC_WARN_UNINITIALIZED_AUTOS = YES_AGGRESSIVE;
				GCC_WARN_UNUSED_FUNCTION = YES;
				GCC_WARN_UNUSED_VARIABLE = YES;
				IPHONEOS_DEPLOYMENT_TARGET = 16.2;
				MTL_ENABLE_DEBUG_INFO = INCLUDE_SOURCE;
				MTL_FAST_MATH = YES;
				ONLY_ACTIVE_ARCH = YES;
				SDKROOT = iphoneos;
				SWIFT_ACTIVE_COMPILATION_CONDITIONS = DEBUG;
				SWIFT_OPTIMIZATION_LEVEL = "-Onone";
			};
			name = Debug;
		};
		4FFD8A2329CA04F300317745 /* Release */ = {
			isa = XCBuildConfiguration;
			buildSettings = {
				ALWAYS_SEARCH_USER_PATHS = NO;
				CLANG_ANALYZER_NONNULL = YES;
				CLANG_ANALYZER_NUMBER_OBJECT_CONVERSION = YES_AGGRESSIVE;
				CLANG_CXX_LANGUAGE_STANDARD = "gnu++20";
				CLANG_ENABLE_MODULES = YES;
				CLANG_ENABLE_OBJC_ARC = YES;
				CLANG_ENABLE_OBJC_WEAK = YES;
				CLANG_WARN_BLOCK_CAPTURE_AUTORELEASING = YES;
				CLANG_WARN_BOOL_CONVERSION = YES;
				CLANG_WARN_COMMA = YES;
				CLANG_WARN_CONSTANT_CONVERSION = YES;
				CLANG_WARN_DEPRECATED_OBJC_IMPLEMENTATIONS = YES;
				CLANG_WARN_DIRECT_OBJC_ISA_USAGE = YES_ERROR;
				CLANG_WARN_DOCUMENTATION_COMMENTS = YES;
				CLANG_WARN_EMPTY_BODY = YES;
				CLANG_WARN_ENUM_CONVERSION = YES;
				CLANG_WARN_INFINITE_RECURSION = YES;
				CLANG_WARN_INT_CONVERSION = YES;
				CLANG_WARN_NON_LITERAL_NULL_CONVERSION = YES;
				CLANG_WARN_OBJC_IMPLICIT_RETAIN_SELF = YES;
				CLANG_WARN_OBJC_LITERAL_CONVERSION = YES;
				CLANG_WARN_OBJC_ROOT_CLASS = YES_ERROR;
				CLANG_WARN_QUOTED_INCLUDE_IN_FRAMEWORK_HEADER = YES;
				CLANG_WARN_RANGE_LOOP_ANALYSIS = YES;
				CLANG_WARN_STRICT_PROTOTYPES = YES;
				CLANG_WARN_SUSPICIOUS_MOVE = YES;
				CLANG_WARN_UNGUARDED_AVAILABILITY = YES_AGGRESSIVE;
				CLANG_WARN_UNREACHABLE_CODE = YES;
				CLANG_WARN__DUPLICATE_METHOD_MATCH = YES;
				COPY_PHASE_STRIP = NO;
				DEBUG_INFORMATION_FORMAT = "dwarf-with-dsym";
				ENABLE_NS_ASSERTIONS = NO;
				ENABLE_STRICT_OBJC_MSGSEND = YES;
				GCC_C_LANGUAGE_STANDARD = gnu11;
				GCC_NO_COMMON_BLOCKS = YES;
				GCC_WARN_64_TO_32_BIT_CONVERSION = YES;
				GCC_WARN_ABOUT_RETURN_TYPE = YES_ERROR;
				GCC_WARN_UNDECLARED_SELECTOR = YES;
				GCC_WARN_UNINITIALIZED_AUTOS = YES_AGGRESSIVE;
				GCC_WARN_UNUSED_FUNCTION = YES;
				GCC_WARN_UNUSED_VARIABLE = YES;
				IPHONEOS_DEPLOYMENT_TARGET = 16.2;
				MTL_ENABLE_DEBUG_INFO = NO;
				MTL_FAST_MATH = YES;
				SDKROOT = iphoneos;
				SWIFT_COMPILATION_MODE = wholemodule;
				SWIFT_OPTIMIZATION_LEVEL = "-O";
				VALIDATE_PRODUCT = YES;
			};
			name = Release;
		};
		4FFD8A2529CA04F300317745 /* Debug */ = {
			isa = XCBuildConfiguration;
			buildSettings = {
				ASSETCATALOG_COMPILER_APPICON_NAME = AppIcon;
				ASSETCATALOG_COMPILER_GLOBAL_ACCENT_COLOR_NAME = AccentColor;
				CODE_SIGN_STYLE = Automatic;
				CURRENT_PROJECT_VERSION = 1;
				DEVELOPMENT_ASSET_PATHS = "\"Rick&Morty/Preview Content\"";
				DEVELOPMENT_TEAM = P8J2DS2Z2V;
				ENABLE_PREVIEWS = YES;
				GENERATE_INFOPLIST_FILE = YES;
				INFOPLIST_KEY_UIApplicationSceneManifest_Generation = YES;
				INFOPLIST_KEY_UIApplicationSupportsIndirectInputEvents = YES;
				INFOPLIST_KEY_UILaunchScreen_Generation = YES;
				INFOPLIST_KEY_UISupportedInterfaceOrientations_iPad = "UIInterfaceOrientationPortrait UIInterfaceOrientationPortraitUpsideDown UIInterfaceOrientationLandscapeLeft UIInterfaceOrientationLandscapeRight";
				INFOPLIST_KEY_UISupportedInterfaceOrientations_iPhone = "UIInterfaceOrientationPortrait UIInterfaceOrientationLandscapeLeft UIInterfaceOrientationLandscapeRight";
				LD_RUNPATH_SEARCH_PATHS = (
					"$(inherited)",
					"@executable_path/Frameworks",
				);
				MARKETING_VERSION = 1.0;
				PRODUCT_BUNDLE_IDENTIFIER = "me.Rick-Morty";
				PRODUCT_NAME = "$(TARGET_NAME)";
				SWIFT_EMIT_LOC_STRINGS = YES;
				SWIFT_VERSION = 5.0;
				TARGETED_DEVICE_FAMILY = "1,2";
			};
			name = Debug;
		};
		4FFD8A2629CA04F300317745 /* Release */ = {
			isa = XCBuildConfiguration;
			buildSettings = {
				ASSETCATALOG_COMPILER_APPICON_NAME = AppIcon;
				ASSETCATALOG_COMPILER_GLOBAL_ACCENT_COLOR_NAME = AccentColor;
				CODE_SIGN_STYLE = Automatic;
				CURRENT_PROJECT_VERSION = 1;
				DEVELOPMENT_ASSET_PATHS = "\"Rick&Morty/Preview Content\"";
				DEVELOPMENT_TEAM = P8J2DS2Z2V;
				ENABLE_PREVIEWS = YES;
				GENERATE_INFOPLIST_FILE = YES;
				INFOPLIST_KEY_UIApplicationSceneManifest_Generation = YES;
				INFOPLIST_KEY_UIApplicationSupportsIndirectInputEvents = YES;
				INFOPLIST_KEY_UILaunchScreen_Generation = YES;
				INFOPLIST_KEY_UISupportedInterfaceOrientations_iPad = "UIInterfaceOrientationPortrait UIInterfaceOrientationPortraitUpsideDown UIInterfaceOrientationLandscapeLeft UIInterfaceOrientationLandscapeRight";
				INFOPLIST_KEY_UISupportedInterfaceOrientations_iPhone = "UIInterfaceOrientationPortrait UIInterfaceOrientationLandscapeLeft UIInterfaceOrientationLandscapeRight";
				LD_RUNPATH_SEARCH_PATHS = (
					"$(inherited)",
					"@executable_path/Frameworks",
				);
				MARKETING_VERSION = 1.0;
				PRODUCT_BUNDLE_IDENTIFIER = "me.Rick-Morty";
				PRODUCT_NAME = "$(TARGET_NAME)";
				SWIFT_EMIT_LOC_STRINGS = YES;
				SWIFT_VERSION = 5.0;
				TARGETED_DEVICE_FAMILY = "1,2";
			};
			name = Release;
		};
/* End XCBuildConfiguration section */

/* Begin XCConfigurationList section */
		4FFD8A1129CA04F200317745 /* Build configuration list for PBXProject "Rick&Morty" */ = {
			isa = XCConfigurationList;
			buildConfigurations = (
				4FFD8A2229CA04F300317745 /* Debug */,
				4FFD8A2329CA04F300317745 /* Release */,
			);
			defaultConfigurationIsVisible = 0;
			defaultConfigurationName = Release;
		};
		4FFD8A2429CA04F300317745 /* Build configuration list for PBXNativeTarget "Rick&Morty" */ = {
			isa = XCConfigurationList;
			buildConfigurations = (
				4FFD8A2529CA04F300317745 /* Debug */,
				4FFD8A2629CA04F300317745 /* Release */,
			);
			defaultConfigurationIsVisible = 0;
			defaultConfigurationName = Release;
		};
/* End XCConfigurationList section */

/* Begin XCRemoteSwiftPackageReference section */
		4FE535A629CCA7280094F7DA /* XCRemoteSwiftPackageReference "Alamofire" */ = {
			isa = XCRemoteSwiftPackageReference;
			repositoryURL = "https://github.com/Alamofire/Alamofire.git";
			requirement = {
				kind = upToNextMajorVersion;
				minimumVersion = 5.0.0;
			};
		};
/* End XCRemoteSwiftPackageReference section */

/* Begin XCSwiftPackageProductDependency section */
		4FE535A729CCA7280094F7DA /* Alamofire */ = {
			isa = XCSwiftPackageProductDependency;
			package = 4FE535A629CCA7280094F7DA /* XCRemoteSwiftPackageReference "Alamofire" */;
			productName = Alamofire;
		};
/* End XCSwiftPackageProductDependency section */
	};
	rootObject = 4FFD8A0E29CA04F200317745 /* Project object */;
}
